
Microsoft Visual Studio Solution File, Format Version 12.00
# Visual Studio 2012
Project("{CC5FD16D-436D-48AD-A40C-5A424C6E3E79}") = "GuestBook", "GuestBook\GuestBook.ccproj", "{A3DCE8EE-04C5-4AB8-8430-4EA6C214B097}"
EndProject
Project("{FAE04EC0-301F-11D3-BF4B-00C04F79EFBC}") = "GuestBook_WebRole", "GuestBook_WebRole\GuestBook_WebRole.csproj", "{7C143D2A-6D86-4D6F-975D-9D30B61492D6}"
EndProject
Project("{FAE04EC0-301F-11D3-BF4B-00C04F79EFBC}") = "GuestBook_Data", "GuestBook_Data\GuestBook_Data.csproj", "{EA113A58-2F0F-4A6D-BABB-05F69BBF40A8}"
EndProject
Project("{2150E333-8FDC-42A3-9474-1A3956D46DE8}") = ".nuget", ".nuget", "{0E595DF4-AEC3-44C6-89F5-EBA8CD00D810}"
	ProjectSection(SolutionItems) = preProject
		.nuget\NuGet.Config = .nuget\NuGet.Config
		.nuget\NuGet.exe = .nuget\NuGet.exe
		.nuget\NuGet.targets = .nuget\NuGet.targets
	EndProjectSection
EndProject
Project("{FAE04EC0-301F-11D3-BF4B-00C04F79EFBC}") = "GuestBook_WorkerRole", "GuestBook_WorkerRole\GuestBook_WorkerRole.csproj", "{99267D38-2E8A-4AFE-BB7D-CA2C2F6D0D67}"
EndProject
Global
	GlobalSection(SolutionConfigurationPlatforms) = preSolution
		Debug|Any CPU = Debug|Any CPU
		Release|Any CPU = Release|Any CPU
	EndGlobalSection
	GlobalSection(ProjectConfigurationPlatforms) = postSolution
		{A3DCE8EE-04C5-4AB8-8430-4EA6C214B097}.Debug|Any CPU.ActiveCfg = Debug|Any CPU
		{A3DCE8EE-04C5-4AB8-8430-4EA6C214B097}.Debug|Any CPU.Build.0 = Debug|Any CPU
		{A3DCE8EE-04C5-4AB8-8430-4EA6C214B097}.Release|Any CPU.ActiveCfg = Release|Any CPU
		{A3DCE8EE-04C5-4AB8-8430-4EA6C214B097}.Release|Any CPU.Build.0 = Release|Any CPU
		{7C143D2A-6D86-4D6F-975D-9D30B61492D6}.Debug|Any CPU.ActiveCfg = Debug|Any CPU
		{7C143D2A-6D86-4D6F-975D-9D30B61492D6}.Debug|Any CPU.Build.0 = Debug|Any CPU
		{7C143D2A-6D86-4D6F-975D-9D30B61492D6}.Release|Any CPU.ActiveCfg = Release|Any CPU
		{7C143D2A-6D86-4D6F-975D-9D30B61492D6}.Release|Any CPU.Build.0 = Release|Any CPU
		{EA113A58-2F0F-4A6D-BABB-05F69BBF40A8}.Debug|Any CPU.ActiveCfg = Debug|Any CPU
		{EA113A58-2F0F-4A6D-BABB-05F69BBF40A8}.Debug|Any CPU.Build.0 = Debug|Any CPU
		{EA113A58-2F0F-4A6D-BABB-05F69BBF40A8}.Release|Any CPU.ActiveCfg = Release|Any CPU
		{EA113A58-2F0F-4A6D-BABB-05F69BBF40A8}.Release|Any CPU.Build.0 = Release|Any CPU
		{99267D38-2E8A-4AFE-BB7D-CA2C2F6D0D67}.Debug|Any CPU.ActiveCfg = Debug|Any CPU
		{99267D38-2E8A-4AFE-BB7D-CA2C2F6D0D67}.Debug|Any CPU.Build.0 = Debug|Any CPU
		{99267D38-2E8A-4AFE-BB7D-CA2C2F6D0D67}.Release|Any CPU.ActiveCfg = Release|Any CPU
		{99267D38-2E8A-4AFE-BB7D-CA2C2F6D0D67}.Release|Any CPU.Build.0 = Release|Any CPU
	EndGlobalSection
	GlobalSection(SolutionProperties) = preSolution
		HideSolutionNode = FALSE
	EndGlobalSection
EndGlobal
